# This file was autogenerated by uv via the following command:
#    uv pip compile pyproject.toml --python-version 3.11 --output-file requirements.lock
annotated-doc==0.0.5
    # via fastapi
annotated-types==0.8.0
    # via pydantic
anyio==4.15.1
    # via
    #   starlette
    #   watchfiles
argon2-cffi==25.1.0
    # via pwdlib
argon2-cffi-bindings==26.1.0
    # via argon2-cffi
cffi==2.1.1
    # via argon2-cffi-bindings
click==8.5.0
    # via uvicorn
fastapi==0.143.0
    # via m1-trading-control-plane (pyproject.toml)
h11==0.16.0
    # via uvicorn
httptools==0.9.0
    # via uvicorn
idna==3.20
    # via anyio
opentelemetry-api==1.45.1
    # via fastapi
pwdlib==0.3.1
    # via m1-trading-control-plane (pyproject.toml)
pycparser==3.11
    # via cffi
pydantic==2.14.0
    # via
    #   m1-trading-control-plane (pyproject.toml)
    #   fastapi
pydantic-core==2.50.0
    # via pydantic
pyjwt==2.15.1
    # via m1-trading-control-plane (pyproject.toml)
python-dotenv==1.2.4
    # via uvicorn
python-multipart==0.0.32
    # via m1-trading-control-plane (pyproject.toml)
pyyaml==6.0.3
    # via uvicorn
starlette==1.7.0
    # via fastapi
typing-extensions==4.16.0
    # via
    #   anyio
    #   fastapi
    #   opentelemetry-api
    #   pydantic
    #   pydantic-core
    #   starlette
    #   typing-inspection
typing-inspection==0.4.4
    # via
    #   fastapi
    #   pydantic
uvicorn==0.54.0
    # via m1-trading-control-plane (pyproject.toml)
uvloop==0.23.0
    # via uvicorn
watchfiles==1.3.0
    # via uvicorn
websockets==15.0.1
    # via
    #   m1-trading-control-plane (pyproject.toml)
    #   uvicorn
